// !$*UTF8*$!
{
	archiveVersion = 1;
	classes = {
	};
	objectVersion = 77;
	objects = {

/* Begin PBXBuildFile section */
		E373C8B02E3A1D360013ED9D /* FirebaseAI in Frameworks */ = {isa = PBXBuildFile; productRef = E373C8AF2E3A1D360013ED9D /* FirebaseAI */; };
		E373C8B22E3A1D360013ED9D /* FirebaseAnalytics in Frameworks */ = {isa = PBXBuildFile; productRef = E373C8B12E3A1D360013ED9D /* FirebaseAnalytics */; };
		E373C8B42E3A1D360013ED9D /* FirebaseCore in Frameworks */ = {isa = PBXBuildFile; productRef = E373C8B32E3A1D360013ED9D /* FirebaseCore */; };
		E373C8B62E3A1D360013ED9D /* FirebaseFirestore in Frameworks */ = {isa = PBXBuildFile; productRef = E373C8B52E3A1D360013ED9D /* FirebaseFirestore */; };
		E373C8D82E3A27CC0013ED9D /* RealmSwift in Frameworks */ = {isa = PBXBuildFile; productRef = E373C8D72E3A27CC0013ED9D /* RealmSwift */; };
		E373C9912E3B76E20013ED9D /* WidgetKit.framework in Frameworks */ = {isa = PBXBuildFile; fileRef = E373C9902E3B76E20013ED9D /* WidgetKit.framework */; };
		E373C9932E3B76E20013ED9D /* SwiftUI.framework in Frameworks */ = {isa = PBXBuildFile; fileRef = E373C9922E3B76E20013ED9D /* SwiftUI.framework */; };
		E373C9A42E3B76E40013ED9D /* RunaWidgetExtension.appex in Embed Foundation Extensions */ = {isa = PBXBuildFile; fileRef = E373C98E2E3B76E20013ED9D /* RunaWidgetExtension.appex */; settings = {ATTRIBUTES = (RemoveHeadersOnCopy, ); }; };
/* End PBXBuildFile section */

/* Begin PBXContainerItemProxy section */
		E373C9A22E3B76E40013ED9D /* PBXContainerItemProxy */ = {
			isa = PBXContainerItemProxy;
			containerPortal = E373C8962E3A1B5B0013ED9D /* Project object */;
			proxyType = 1;
			remoteGlobalIDString = E373C98D2E3B76E20013ED9D;
			remoteInfo = RunaWidgetExtension;
		};
/* End PBXContainerItemProxy section */

/* Begin PBXCopyFilesBuildPhase section */
		E373C9A92E3B76E50013ED9D /* Embed Foundation Extensions */ = {
			isa = PBXCopyFilesBuildPhase;
			buildActionMask = 2147483647;
			dstPath = "";
			dstSubfolderSpec = 13;
			files = (
				E373C9A42E3B76E40013ED9D /* RunaWidgetExtension.appex in Embed Foundation Extensions */,
			);
			name = "Embed Foundation Extensions";
			runOnlyForDeploymentPostprocessing = 0;
		};
/* End PBXCopyFilesBuildPhase section */

/* Begin PBXFileReference section */
		E373C89E2E3A1B5B0013ED9D /* runa.app */ = {isa = PBXFileReference; explicitFileType = wrapper.application; includeInIndex = 0; path = runa.app; sourceTree = BUILT_PRODUCTS_DIR; };
		E373C98E2E3B76E20013ED9D /* RunaWidgetExtension.appex */ = {isa = PBXFileReference; explicitFileType = "wrapper.app-extension"; includeInIndex = 0; path = RunaWidgetExtension.appex; sourceTree = BUILT_PRODUCTS_DIR; };
		E373C9902E3B76E20013ED9D /* WidgetKit.framework */ = {isa = PBXFileReference; lastKnownFileType = wrapper.framework; name = WidgetKit.framework; path = System/Library/Frameworks/WidgetKit.framework; sourceTree = SDKROOT; };
		E373C9922E3B76E20013ED9D /* SwiftUI.framework */ = {isa = PBXFileReference; lastKnownFileType = wrapper.framework; name = SwiftUI.framework; path = System/Library/Frameworks/SwiftUI.framework; sourceTree = SDKROOT; };
		E373C9AF2E3B81DA0013ED9D /* RunaWidgetExtension.entitlements */ = {isa = PBXFileReference; lastKnownFileType = text.plist.entitlements; path = RunaWidgetExtension.entitlements; sourceTree = "<group>"; };
/* End PBXFileReference section */

/* Begin PBXFileSystemSynchronizedBuildFileExceptionSet section */
		E373C9A52E3B76E50013ED9D /* Exceptions for "RunaWidget" folder in "RunaWidgetExtension" target */ = {
			isa = PBXFileSystemSynchronizedBuildFileExceptionSet;
			membershipExceptions = (
				Info.plist,
			);
			target = E373C98D2E3B76E20013ED9D /* RunaWidgetExtension */;
		};
/* End PBXFileSystemSynchronizedBuildFileExceptionSet section */

/* Begin PBXFileSystemSynchronizedRootGroup section */
		E373C8A02E3A1B5B0013ED9D /* runa */ = {
			isa = PBXFileSystemSynchronizedRootGroup;
			path = runa;
			sourceTree = "<group>";
		};
		E373C9942E3B76E20013ED9D /* RunaWidget */ = {
			isa = PBXFileSystemSynchronizedRootGroup;
			exceptions = (
				E373C9A52E3B76E50013ED9D /* Exceptions for "RunaWidget" folder in "RunaWidgetExtension" target */,
			);
			path = RunaWidget;
			sourceTree = "<group>";
		};
/* End PBXFileSystemSynchronizedRootGroup section */

/* Begin PBXFrameworksBuildPhase section */
		E373C89B2E3A1B5B0013ED9D /* Frameworks */ = {
			isa = PBXFrameworksBuildPhase;
			buildActionMask = 2147483647;
			files = (
				E373C8B22E3A1D360013ED9D /* FirebaseAnalytics in Frameworks */,
				E373C8B62E3A1D360013ED9D /* FirebaseFirestore in Frameworks */,
				E373C8B42E3A1D360013ED9D /* FirebaseCore in Frameworks */,
				E373C8D82E3A27CC0013ED9D /* RealmSwift in Frameworks */,
				E373C8B02E3A1D360013ED9D /* FirebaseAI in Frameworks */,
			);
			runOnlyForDeploymentPostprocessing = 0;
		};
		E373C98B2E3B76E20013ED9D /* Frameworks */ = {
			isa = PBXFrameworksBuildPhase;
			buildActionMask = 2147483647;
			files = (
				E373C9932E3B76E20013ED9D /* SwiftUI.framework in Frameworks */,
				E373C9912E3B76E20013ED9D /* WidgetKit.framework in Frameworks */,
			);
			runOnlyForDeploymentPostprocessing = 0;
		};
/* End PBXFrameworksBuildPhase section */

/* Begin PBXGroup section */
		E373C8952E3A1B5B0013ED9D = {
			isa = PBXGroup;
			children = (
				E373C9AF2E3B81DA0013ED9D /* RunaWidgetExtension.entitlements */,
				E373C8A02E3A1B5B0013ED9D /* runa */,
				E373C9942E3B76E20013ED9D /* RunaWidget */,
				E373C98F2E3B76E20013ED9D /* Frameworks */,
				E373C89F2E3A1B5B0013ED9D /* Products */,
			);
			sourceTree = "<group>";
		};
		E373C89F2E3A1B5B0013ED9D /* Products */ = {
			isa = PBXGroup;
			children = (
				E373C89E2E3A1B5B0013ED9D /* runa.app */,
				E373C98E2E3B76E20013ED9D /* RunaWidgetExtension.appex */,
			);
			name = Products;
			sourceTree = "<group>";
		};
		E373C98F2E3B76E20013ED9D /* Frameworks */ = {
			isa = PBXGroup;
			children = (
				E373C9902E3B76E20013ED9D /* WidgetKit.framework */,
				E373C9922E3B76E20013ED9D /* SwiftUI.framework */,
			);
			name = Frameworks;
			sourceTree = "<group>";
		};
/* End PBXGroup section */

/* Begin PBXNativeTarget section */
		E373C89D2E3A1B5B0013ED9D /* runa */ = {
			isa = PBXNativeTarget;
			buildConfigurationList = E373C8A92E3A1B5D0013ED9D /* Build configuration list for PBXNativeTarget "runa" */;
			buildPhases = (
				E373C89A2E3A1B5B0013ED9D /* Sources */,
				E373C89B2E3A1B5B0013ED9D /* Frameworks */,
				E373C89C2E3A1B5B0013ED9D /* Resources */,
				E373C9A92E3B76E50013ED9D /* Embed Foundation Extensions */,
			);
			buildRules = (
			);
			dependencies = (
				E373C9A32E3B76E40013ED9D /* PBXTargetDependency */,
			);
			fileSystemSynchronizedGroups = (
				E373C8A02E3A1B5B0013ED9D /* runa */,
			);
			name = runa;
			packageProductDependencies = (
				E373C8AF2E3A1D360013ED9D /* FirebaseAI */,
				E373C8B12E3A1D360013ED9D /* FirebaseAnalytics */,
				E373C8B32E3A1D360013ED9D /* FirebaseCore */,
				E373C8B52E3A1D360013ED9D /* FirebaseFirestore */,
				E373C8D72E3A27CC0013ED9D /* RealmSwift */,
			);
			productName = runa;
			productReference = E373C89E2E3A1B5B0013ED9D /* runa.app */;
			productType = "com.apple.product-type.application";
		};
		E373C98D2E3B76E20013ED9D /* RunaWidgetExtension */ = {
			isa = PBXNativeTarget;
			buildConfigurationList = E373C9A62E3B76E50013ED9D /* Build configuration list for PBXNativeTarget "RunaWidgetExtension" */;
			buildPhases = (
				E373C98A2E3B76E20013ED9D /* Sources */,
				E373C98B2E3B76E20013ED9D /* Frameworks */,
				E373C98C2E3B76E20013ED9D /* Resources */,
			);
			buildRules = (
			);
			dependencies = (
			);
			fileSystemSynchronizedGroups = (
				E373C9942E3B76E20013ED9D /* RunaWidget */,
			);
			name = RunaWidgetExtension;
			packageProductDependencies = (
			);
			productName = RunaWidgetExtension;
			productReference = E373C98E2E3B76E20013ED9D /* RunaWidgetExtension.appex */;
			productType = "com.apple.product-type.app-extension";
		};
/* End PBXNativeTarget section */

/* Begin PBXProject section */
		E373C8962E3A1B5B0013ED9D /* Project object */ = {
			isa = PBXProject;
			attributes = {
				BuildIndependentTargetsInParallel = 1;
				LastSwiftUpdateCheck = 1640;
				LastUpgradeCheck = 1640;
				TargetAttributes = {
					E373C89D2E3A1B5B0013ED9D = {
						CreatedOnToolsVersion = 16.4;
					};
					E373C98D2E3B76E20013ED9D = {
						CreatedOnToolsVersion = 16.4;
					};
				};
			};
			buildConfigurationList = E373C8992E3A1B5B0013ED9D /* Build configuration list for PBXProject "runa" */;
			developmentRegion = en;
			hasScannedForEncodings = 0;
			knownRegions = (
				en,
				Base,
			);
			mainGroup = E373C8952E3A1B5B0013ED9D;
			minimizedProjectReferenceProxies = 1;
			packageReferences = (
				E373C8AE2E3A1D360013ED9D /* XCRemoteSwiftPackageReference "firebase-ios-sdk" */,
				E373C8D62E3A27CC0013ED9D /* XCRemoteSwiftPackageReference "realm-swift" */,
			);
			preferredProjectObjectVersion = 77;
			productRefGroup = E373C89F2E3A1B5B0013ED9D /* Products */;
			projectDirPath = "";
			projectRoot = "";
			targets = (
				E373C89D2E3A1B5B0013ED9D /* runa */,
				E373C98D2E3B76E20013ED9D /* RunaWidgetExtension */,
			);
		};
/* End PBXProject section */

/* Begin PBXResourcesBuildPhase section */
		E373C89C2E3A1B5B0013ED9D /* Resources */ = {
			isa = PBXResourcesBuildPhase;
			buildActionMask = 2147483647;
			files = (
			);
			runOnlyForDeploymentPostprocessing = 0;
		};
		E373C98C2E3B76E20013ED9D /* Resources */ = {
			isa = PBXResourcesBuildPhase;
			buildActionMask = 2147483647;
			files = (
			);
			runOnlyForDeploymentPostprocessing = 0;
		};
/* End PBXResourcesBuildPhase section */

/* Begin PBXSourcesBuildPhase section */
		E373C89A2E3A1B5B0013ED9D /* Sources */ = {
			isa = PBXSourcesBuildPhase;
			buildActionMask = 2147483647;
			files = (
			);
			runOnlyForDeploymentPostprocessing = 0;
		};
		E373C98A2E3B76E20013ED9D /* Sources */ = {
			isa = PBXSourcesBuildPhase;
			buildActionMask = 2147483647;
			files = (
			);
			runOnlyForDeploymentPostprocessing = 0;
		};
/* End PBXSourcesBuildPhase section */

/* Begin PBXTargetDependency section */
		E373C9A32E3B76E40013ED9D /* PBXTargetDependency */ = {
			isa = PBXTargetDependency;
			target = E373C98D2E3B76E20013ED9D /* RunaWidgetExtension */;
			targetProxy = E373C9A22E3B76E40013ED9D /* PBXContainerItemProxy */;
		};
/* End PBXTargetDependency section */

/* Begin XCBuildConfiguration section */
		E373C8A72E3A1B5D0013ED9D /* Debug */ = {
			isa = XCBuildConfiguration;
			buildSettings = {
				ALWAYS_SEARCH_USER_PATHS = NO;
				ASSETCATALOG_COMPILER_GENERATE_SWIFT_ASSET_SYMBOL_EXTENSIONS = YES;
				CLANG_ANALYZER_NONNULL = YES;
				CLANG_ANALYZER_NUMBER_OBJECT_CONVERSION = YES_AGGRESSIVE;
				CLANG_CXX_LANGUAGE_STANDARD = "gnu++20";
				CLANG_ENABLE_MODULES = YES;
				CLANG_ENABLE_OBJC_ARC = YES;
				CLANG_ENABLE_OBJC_WEAK = YES;
				CLANG_WARN_BLOCK_CAPTURE_AUTORELEASING = YES;
				CLANG_WARN_BOOL_CONVERSION = YES;
				CLANG_WARN_COMMA = YES;
				CLANG_WARN_CONSTANT_CONVERSION = YES;
				CLANG_WARN_DEPRECATED_OBJC_IMPLEMENTATIONS = YES;
				CLANG_WARN_DIRECT_OBJC_ISA_USAGE = YES_ERROR;
				CLANG_WARN_DOCUMENTATION_COMMENTS = YES;
				CLANG_WARN_EMPTY_BODY = YES;
				CLANG_WARN_ENUM_CONVERSION = YES;
				CLANG_WARN_INFINITE_RECURSION = YES;
				CLANG_WARN_INT_CONVERSION = YES;
				CLANG_WARN_NON_LITERAL_NULL_CONVERSION = YES;
				CLANG_WARN_OBJC_IMPLICIT_RETAIN_SELF = YES;
				CLANG_WARN_OBJC_LITERAL_CONVERSION = YES;
				CLANG_WARN_OBJC_ROOT_CLASS = YES_ERROR;
				CLANG_WARN_QUOTED_INCLUDE_IN_FRAMEWORK_HEADER = YES;
				CLANG_WARN_RANGE_LOOP_ANALYSIS = YES;
				CLANG_WARN_STRICT_PROTOTYPES = YES;
				CLANG_WARN_SUSPICIOUS_MOVE = YES;
				CLANG_WARN_UNGUARDED_AVAILABILITY = YES_AGGRESSIVE;
				CLANG_WARN_UNREACHABLE_CODE = YES;
				CLANG_WARN__DUPLICATE_METHOD_MATCH = YES;
				COPY_PHASE_STRIP = NO;
				DEBUG_INFORMATION_FORMAT = dwarf;
				ENABLE_STRICT_OBJC_MSGSEND = YES;
				ENABLE_TESTABILITY = YES;
				ENABLE_USER_SCRIPT_SANDBOXING = YES;
				GCC_C_LANGUAGE_STANDARD = gnu17;
				GCC_DYNAMIC_NO_PIC = NO;
				GCC_NO_COMMON_BLOCKS = YES;
				GCC_OPTIMIZATION_LEVEL = 0;
				GCC_PREPROCESSOR_DEFINITIONS = (
					"DEBUG=1",
					"$(inherited)",
				);
				GCC_WARN_64_TO_32_BIT_CONVERSION = YES;
				GCC_WARN_ABOUT_RETURN_TYPE = YES_ERROR;
				GCC_WARN_UNDECLARED_SELECTOR = YES;
				GCC_WARN_UNINITIALIZED_AUTOS = YES_AGGRESSIVE;
				GCC_WARN_UNUSED_FUNCTION = YES;
				GCC_WARN_UNUSED_VARIABLE = YES;
				IPHONEOS_DEPLOYMENT_TARGET = 18.5;
				LOCALIZATION_PREFERS_STRING_CATALOGS = YES;
				MTL_ENABLE_DEBUG_INFO = INCLUDE_SOURCE;
				MTL_FAST_MATH = YES;
				ONLY_ACTIVE_ARCH = YES;
				SDKROOT = iphoneos;
				SWIFT_ACTIVE_COMPILATION_CONDITIONS = "DEBUG $(inherited)";
				SWIFT_OPTIMIZATION_LEVEL = "-Onone";
			};
			name = Debug;
		};
		E373C8A82E3A1B5D0013ED9D /* Release */ = {
			isa = XCBuildConfiguration;
			buildSettings = {
				ALWAYS_SEARCH_USER_PATHS = NO;
				ASSETCATALOG_COMPILER_GENERATE_SWIFT_ASSET_SYMBOL_EXTENSIONS = YES;
				CLANG_ANALYZER_NONNULL = YES;
				CLANG_ANALYZER_NUMBER_OBJECT_CONVERSION = YES_AGGRESSIVE;
				CLANG_CXX_LANGUAGE_STANDARD = "gnu++20";
				CLANG_ENABLE_MODULES = YES;
				CLANG_ENABLE_OBJC_ARC = YES;
				CLANG_ENABLE_OBJC_WEAK = YES;
				CLANG_WARN_BLOCK_CAPTURE_AUTORELEASING = YES;
				CLANG_WARN_BOOL_CONVERSION = YES;
				CLANG_WARN_COMMA = YES;
				CLANG_WARN_CONSTANT_CONVERSION = YES;
				CLANG_WARN_DEPRECATED_OBJC_IMPLEMENTATIONS = YES;
				CLANG_WARN_DIRECT_OBJC_ISA_USAGE = YES_ERROR;
				CLANG_WARN_DOCUMENTATION_COMMENTS = YES;
				CLANG_WARN_EMPTY_BODY = YES;
				CLANG_WARN_ENUM_CONVERSION = YES;
				CLANG_WARN_INFINITE_RECURSION = YES;
				CLANG_WARN_INT_CONVERSION = YES;
				CLANG_WARN_NON_LITERAL_NULL_CONVERSION = YES;
				CLANG_WARN_OBJC_IMPLICIT_RETAIN_SELF = YES;
				CLANG_WARN_OBJC_LITERAL_CONVERSION = YES;
				CLANG_WARN_OBJC_ROOT_CLASS = YES_ERROR;
				CLANG_WARN_QUOTED_INCLUDE_IN_FRAMEWORK_HEADER = YES;
				CLANG_WARN_RANGE_LOOP_ANALYSIS = YES;
				CLANG_WARN_STRICT_PROTOTYPES = YES;
				CLANG_WARN_SUSPICIOUS_MOVE = YES;
				CLANG_WARN_UNGUARDED_AVAILABILITY = YES_AGGRESSIVE;
				CLANG_WARN_UNREACHABLE_CODE = YES;
				CLANG_WARN__DUPLICATE_METHOD_MATCH = YES;
				COPY_PHASE_STRIP = NO;
				DEBUG_INFORMATION_FORMAT = "dwarf-with-dsym";
				ENABLE_NS_ASSERTIONS = NO;
				ENABLE_STRICT_OBJC_MSGSEND = YES;
				ENABLE_USER_SCRIPT_SANDBOXING = YES;
				GCC_C_LANGUAGE_STANDARD = gnu17;
				GCC_NO_COMMON_BLOCKS = YES;
				GCC_WARN_64_TO_32_BIT_CONVERSION = YES;
				GCC_WARN_ABOUT_RETURN_TYPE = YES_ERROR;
				GCC_WARN_UNDECLARED_SELECTOR = YES;
				GCC_WARN_UNINITIALIZED_AUTOS = YES_AGGRESSIVE;
				GCC_WARN_UNUSED_FUNCTION = YES;
				GCC_WARN_UNUSED_VARIABLE = YES;
				IPHONEOS_DEPLOYMENT_TARGET = 18.5;
				LOCALIZATION_PREFERS_STRING_CATALOGS = YES;
				MTL_ENABLE_DEBUG_INFO = NO;
				MTL_FAST_MATH = YES;
				SDKROOT = iphoneos;
				SWIFT_COMPILATION_MODE = wholemodule;
				VALIDATE_PRODUCT = YES;
			};
			name = Release;
		};
		E373C8AA2E3A1B5D0013ED9D /* Debug */ = {
			isa = XCBuildConfiguration;
			buildSettings = {
				ASSETCATALOG_COMPILER_APPICON_NAME = AppIcon;
				ASSETCATALOG_COMPILER_GLOBAL_ACCENT_COLOR_NAME = AccentColor;
				CODE_SIGN_ENTITLEMENTS = runa/runa.entitlements;
				CODE_SIGN_IDENTITY = "Apple Development";
				CODE_SIGN_STYLE = Automatic;
				CURRENT_PROJECT_VERSION = 1;
				DEVELOPMENT_TEAM = NC63LKZFXN;
				ENABLE_PREVIEWS = YES;
				GENERATE_INFOPLIST_FILE = YES;
				INFOPLIST_KEY_UIApplicationSceneManifest_Generation = YES;
				INFOPLIST_KEY_UIApplicationSupportsIndirectInputEvents = YES;
				INFOPLIST_KEY_UILaunchScreen_Generation = YES;
				INFOPLIST_KEY_UISupportedInterfaceOrientations_iPad = "UIInterfaceOrientationPortrait UIInterfaceOrientationPortraitUpsideDown UIInterfaceOrientationLandscapeLeft UIInterfaceOrientationLandscapeRight";
				INFOPLIST_KEY_UISupportedInterfaceOrientations_iPhone = "UIInterfaceOrientationPortrait UIInterfaceOrientationLandscapeLeft UIInterfaceOrientationLandscapeRight";
				LD_RUNPATH_SEARCH_PATHS = (
					"$(inherited)",
					"@executable_path/Frameworks",
				);
				MARKETING_VERSION = 1.0;
				PRODUCT_BUNDLE_IDENTIFIER = com.josezarabanda.runa;
				PRODUCT_NAME = "$(TARGET_NAME)";
				PROVISIONING_PROFILE_SPECIFIER = "";
				SWIFT_EMIT_LOC_STRINGS = YES;
				SWIFT_VERSION = 5.0;
				TARGETED_DEVICE_FAMILY = "1,2";
			};
			name = Debug;
		};
		E373C8AB2E3A1B5D0013ED9D /* Release */ = {
			isa = XCBuildConfiguration;
			buildSettings = {
				ASSETCATALOG_COMPILER_APPICON_NAME = AppIcon;
				ASSETCATALOG_COMPILER_GLOBAL_ACCENT_COLOR_NAME = AccentColor;
				CODE_SIGN_ENTITLEMENTS = runa/runa.entitlements;
				CODE_SIGN_IDENTITY = "Apple Development";
				CODE_SIGN_STYLE = Automatic;
				CURRENT_PROJECT_VERSION = 1;
				DEVELOPMENT_TEAM = NC63LKZFXN;
				ENABLE_PREVIEWS = YES;
				GENERATE_INFOPLIST_FILE = YES;
				INFOPLIST_KEY_UIApplicationSceneManifest_Generation = YES;
				INFOPLIST_KEY_UIApplicationSupportsIndirectInputEvents = YES;
				INFOPLIST_KEY_UILaunchScreen_Generation = YES;
				INFOPLIST_KEY_UISupportedInterfaceOrientations_iPad = "UIInterfaceOrientationPortrait UIInterfaceOrientationPortraitUpsideDown UIInterfaceOrientationLandscapeLeft UIInterfaceOrientationLandscapeRight";
				INFOPLIST_KEY_UISupportedInterfaceOrientations_iPhone = "UIInterfaceOrientationPortrait UIInterfaceOrientationLandscapeLeft UIInterfaceOrientationLandscapeRight";
				LD_RUNPATH_SEARCH_PATHS = (
					"$(inherited)",
					"@executable_path/Frameworks",
				);
				MARKETING_VERSION = 1.0;
				PRODUCT_BUNDLE_IDENTIFIER = com.josezarabanda.runa;
				PRODUCT_NAME = "$(TARGET_NAME)";
				PROVISIONING_PROFILE_SPECIFIER = "";
				SWIFT_EMIT_LOC_STRINGS = YES;
				SWIFT_VERSION = 5.0;
				TARGETED_DEVICE_FAMILY = "1,2";
			};
			name = Release;
		};
		E373C9A72E3B76E50013ED9D /* Debug */ = {
			isa = XCBuildConfiguration;
			buildSettings = {
				ASSETCATALOG_COMPILER_GLOBAL_ACCENT_COLOR_NAME = AccentColor;
				ASSETCATALOG_COMPILER_WIDGET_BACKGROUND_COLOR_NAME = WidgetBackground;
				CODE_SIGN_ENTITLEMENTS = RunaWidgetExtension.entitlements;
				CODE_SIGN_STYLE = Automatic;
				CURRENT_PROJECT_VERSION = 1;
				DEVELOPMENT_TEAM = NC63LKZFXN;
				GENERATE_INFOPLIST_FILE = YES;
				INFOPLIST_FILE = RunaWidget/Info.plist;
				INFOPLIST_KEY_CFBundleDisplayName = RunaWidget;
				INFOPLIST_KEY_NSHumanReadableCopyright = "";
				LD_RUNPATH_SEARCH_PATHS = (
					"$(inherited)",
					"@executable_path/Frameworks",
					"@executable_path/../../Frameworks",
				);
				MARKETING_VERSION = 1.0;
				PRODUCT_BUNDLE_IDENTIFIER = com.josezarabanda.runa.RunaWidget;
				PRODUCT_NAME = "$(TARGET_NAME)";
				SKIP_INSTALL = YES;
				SWIFT_EMIT_LOC_STRINGS = YES;
				SWIFT_VERSION = 5.0;
				TARGETED_DEVICE_FAMILY = "1,2";
			};
			name = Debug;
		};
		E373C9A82E3B76E50013ED9D /* Release */ = {
			isa = XCBuildConfiguration;
			buildSettings = {
				ASSETCATALOG_COMPILER_GLOBAL_ACCENT_COLOR_NAME = AccentColor;
				ASSETCATALOG_COMPILER_WIDGET_BACKGROUND_COLOR_NAME = WidgetBackground;
				CODE_SIGN_ENTITLEMENTS = RunaWidgetExtension.entitlements;
				CODE_SIGN_STYLE = Automatic;
				CURRENT_PROJECT_VERSION = 1;
				DEVELOPMENT_TEAM = NC63LKZFXN;
				GENERATE_INFOPLIST_FILE = YES;
				INFOPLIST_FILE = RunaWidget/Info.plist;
				INFOPLIST_KEY_CFBundleDisplayName = RunaWidget;
				INFOPLIST_KEY_NSHumanReadableCopyright = "";
				LD_RUNPATH_SEARCH_PATHS = (
					"$(inherited)",
					"@executable_path/Frameworks",
					"@executable_path/../../Frameworks",
				);
				MARKETING_VERSION = 1.0;
				PRODUCT_BUNDLE_IDENTIFIER = com.josezarabanda.runa.RunaWidget;
				PRODUCT_NAME = "$(TARGET_NAME)";
				SKIP_INSTALL = YES;
				SWIFT_EMIT_LOC_STRINGS = YES;
				SWIFT_VERSION = 5.0;
				TARGETED_DEVICE_FAMILY = "1,2";
			};
			name = Release;
		};
/* End XCBuildConfiguration section */

/* Begin XCConfigurationList section */
		E373C8992E3A1B5B0013ED9D /* Build configuration list for PBXProject "runa" */ = {
			isa = XCConfigurationList;
			buildConfigurations = (
				E373C8A72E3A1B5D0013ED9D /* Debug */,
				E373C8A82E3A1B5D0013ED9D /* Release */,
			);
			defaultConfigurationIsVisible = 0;
			defaultConfigurationName = Release;
		};
		E373C8A92E3A1B5D0013ED9D /* Build configuration list for PBXNativeTarget "runa" */ = {
			isa = XCConfigurationList;
			buildConfigurations = (
				E373C8AA2E3A1B5D0013ED9D /* Debug */,
				E373C8AB2E3A1B5D0013ED9D /* Release */,
			);
			defaultConfigurationIsVisible = 0;
			defaultConfigurationName = Release;
		};
		E373C9A62E3B76E50013ED9D /* Build configuration list for PBXNativeTarget "RunaWidgetExtension" */ = {
			isa = XCConfigurationList;
			buildConfigurations = (
				E373C9A72E3B76E50013ED9D /* Debug */,
				E373C9A82E3B76E50013ED9D /* Release */,
			);
			defaultConfigurationIsVisible = 0;
			defaultConfigurationName = Release;
		};
/* End XCConfigurationList section */

/* Begin XCRemoteSwiftPackageReference section */
		E373C8AE2E3A1D360013ED9D /* XCRemoteSwiftPackageReference "firebase-ios-sdk" */ = {
			isa = XCRemoteSwiftPackageReference;
			repositoryURL = "https://github.com/firebase/firebase-ios-sdk";
			requirement = {
				kind = upToNextMajorVersion;
				minimumVersion = 12.0.0;
			};
		};
		E373C8D62E3A27CC0013ED9D /* XCRemoteSwiftPackageReference "realm-swift" */ = {
			isa = XCRemoteSwiftPackageReference;
			repositoryURL = "https://github.com/realm/realm-swift";
			requirement = {
				branch = master;
				kind = branch;
			};
		};
/* End XCRemoteSwiftPackageReference section */

/* Begin XCSwiftPackageProductDependency section */
		E373C8AF2E3A1D360013ED9D /* FirebaseAI */ = {
			isa = XCSwiftPackageProductDependency;
			package = E373C8AE2E3A1D360013ED9D /* XCRemoteSwiftPackageReference "firebase-ios-sdk" */;
			productName = FirebaseAI;
		};
		E373C8B12E3A1D360013ED9D /* FirebaseAnalytics */ = {
			isa = XCSwiftPackageProductDependency;
			package = E373C8AE2E3A1D360013ED9D /* XCRemoteSwiftPackageReference "firebase-ios-sdk" */;
			productName = FirebaseAnalytics;
		};
		E373C8B32E3A1D360013ED9D /* FirebaseCore */ = {
			isa = XCSwiftPackageProductDependency;
			package = E373C8AE2E3A1D360013ED9D /* XCRemoteSwiftPackageReference "firebase-ios-sdk" */;
			productName = FirebaseCore;
		};
		E373C8B52E3A1D360013ED9D /* FirebaseFirestore */ = {
			isa = XCSwiftPackageProductDependency;
			package = E373C8AE2E3A1D360013ED9D /* XCRemoteSwiftPackageReference "firebase-ios-sdk" */;
			productName = FirebaseFirestore;
		};
		E373C8D72E3A27CC0013ED9D /* RealmSwift */ = {
			isa = XCSwiftPackageProductDependency;
			package = E373C8D62E3A27CC0013ED9D /* XCRemoteSwiftPackageReference "realm-swift" */;
			productName = RealmSwift;
		};
/* End XCSwiftPackageProductDependency section */
	};
	rootObject = E373C8962E3A1B5B0013ED9D /* Project object */;
}
